Microsoft Visual Studio Solution File, Format Version 12.00
# Visual Studio Version 17
VisualStudioVersion = 17.5.2.0
MinimumVisualStudioVersion = 10.0.40219.1
Project("{FAE04EC0-301F-11D3-BF4B-00C04F79EFBC}") = "ContactFormApi", "ContactFormApi.csproj", "{E8915AA0-D098-AF6B-1DA8-6B1182039D92}"
EndProject
Global
	GlobalSection(SolutionConfigurationPlatforms) = preSolution
		Debug|Any CPU = Debug|Any CPU
		Release|Any CPU = Release|Any CPU
	EndGlobalSection
	GlobalSection(ProjectConfigurationPlatforms) = postSolution
		{E8915AA0-D098-AF6B-1DA8-6B1182039D92}.Debug|Any CPU.ActiveCfg = Debug|Any CPU
		{E8915AA0-D098-AF6B-1DA8-6B1182039D92}.Debug|Any CPU.Build.0 = Debug|Any CPU
		{E8915AA0-D098-AF6B-1DA8-6B1182039D92}.Release|Any CPU.ActiveCfg = Release|Any CPU
		{E8915AA0-D098-AF6B-1DA8-6B1182039D92}.Release|Any CPU.Build.0 = Release|Any CPU
	EndGlobalSection
	GlobalSection(SolutionProperties) = preSolution
		HideSolutionNode = FALSE
	EndGlobalSection
	GlobalSection(ExtensibilityGlobals) = postSolution
		SolutionGuid = {039B0942-24C1-4CD2-A492-95FFED9BF788}
	EndGlobalSection
EndGlobal
